
Microsoft Visual Studio Solution File, Format Version 11.00
# Visual Studio 2010
Project("{FAE04EC0-301F-11D3-BF4B-00C04F79EFBC}") = "Assembly-CSharp", "Assembly-CSharp.csproj", "{9072FE75-52C1-344A-290D-5EFAE2A0D3DD}"
EndProject
Project("{FAE04EC0-301F-11D3-BF4B-00C04F79EFBC}") = "Assembly-CSharp-Editor", "Assembly-CSharp-Editor.csproj", "{D13395B6-7FEC-2EE1-F29D-C44CB18D4FA3}"
EndProject
Global
	GlobalSection(SolutionConfigurationPlatforms) = preSolution
		Debug|Any CPU = Debug|Any CPU
		Release|Any CPU = Release|Any CPU
	EndGlobalSection
	GlobalSection(ProjectConfigurationPlatforms) = postSolution
		{9072FE75-52C1-344A-290D-5EFAE2A0D3DD}.Debug|Any CPU.ActiveCfg = Debug|Any CPU
		{9072FE75-52C1-344A-290D-5EFAE2A0D3DD}.Debug|Any CPU.Build.0 = Debug|Any CPU
		{9072FE75-52C1-344A-290D-5EFAE2A0D3DD}.Release|Any CPU.ActiveCfg = Release|Any CPU
		{9072FE75-52C1-344A-290D-5EFAE2A0D3DD}.Release|Any CPU.Build.0 = Release|Any CPU
		{D13395B6-7FEC-2EE1-F29D-C44CB18D4FA3}.Debug|Any CPU.ActiveCfg = Debug|Any CPU
		{D13395B6-7FEC-2EE1-F29D-C44CB18D4FA3}.Debug|Any CPU.Build.0 = Debug|Any CPU
		{D13395B6-7FEC-2EE1-F29D-C44CB18D4FA3}.Release|Any CPU.ActiveCfg = Release|Any CPU
		{D13395B6-7FEC-2EE1-F29D-C44CB18D4FA3}.Release|Any CPU.Build.0 = Release|Any CPU
	EndGlobalSection
	GlobalSection(SolutionProperties) = preSolution
		HideSolutionNode = FALSE
	EndGlobalSection
	GlobalSection(MonoDevelopProperties) = preSolution
		StartupItem = Assembly-CSharp.csproj
	EndGlobalSection
EndGlobal
